
Microsoft Visual Studio Solution File, Format Version 12.00
# Visual Studio Version 17
VisualStudioVersion = 17.11.35312.102
MinimumVisualStudioVersion = 10.0.40219.1
Project("{FAE04EC0-301F-11D3-BF4B-00C04F79EFBC}") = "OSK.Hexagonal.MetaData", "OSK.Hexagonal.MetaData\OSK.Hexagonal.MetaData.csproj", "{0E8F10BA-CF94-478E-81F2-AEFF1DEDDB7A}"
EndProject
Project("{FAE04EC0-301F-11D3-BF4B-00C04F79EFBC}") = "OSK.Hexagonal.MetaData.UnitTests", "OSK.Hexagonal.MetaData.UnitTests\OSK.Hexagonal.MetaData.UnitTests.csproj", "{EC328300-6EE0-4F00-BDA9-FB327CE0F8A6}"
EndProject
Global
	GlobalSection(SolutionConfigurationPlatforms) = preSolution
		Debug|Any CPU = Debug|Any CPU
		Release|Any CPU = Release|Any CPU
	EndGlobalSection
	GlobalSection(ProjectConfigurationPlatforms) = postSolution
		{0E8F10BA-CF94-478E-81F2-AEFF1DEDDB7A}.Debug|Any CPU.ActiveCfg = Debug|Any CPU
		{0E8F10BA-CF94-478E-81F2-AEFF1DEDDB7A}.Debug|Any CPU.Build.0 = Debug|Any CPU
		{0E8F10BA-CF94-478E-81F2-AEFF1DEDDB7A}.Release|Any CPU.ActiveCfg = Release|Any CPU
		{0E8F10BA-CF94-478E-81F2-AEFF1DEDDB7A}.Release|Any CPU.Build.0 = Release|Any CPU
		{EC328300-6EE0-4F00-BDA9-FB327CE0F8A6}.Debug|Any CPU.ActiveCfg = Debug|Any CPU
		{EC328300-6EE0-4F00-BDA9-FB327CE0F8A6}.Debug|Any CPU.Build.0 = Debug|Any CPU
		{EC328300-6EE0-4F00-BDA9-FB327CE0F8A6}.Release|Any CPU.ActiveCfg = Release|Any CPU
		{EC328300-6EE0-4F00-BDA9-FB327CE0F8A6}.Release|Any CPU.Build.0 = Release|Any CPU
	EndGlobalSection
	GlobalSection(SolutionProperties) = preSolution
		HideSolutionNode = FALSE
	EndGlobalSection
	GlobalSection(ExtensibilityGlobals) = postSolution
		SolutionGuid = {19F3E7EE-834E-459B-A21A-DB679EAE963F}
	EndGlobalSection
EndGlobal
